
Microsoft Visual Studio Solution File, Format Version 12.00
# Visual Studio Version 17
VisualStudioVersion = 17.8.34330.188
MinimumVisualStudioVersion = 10.0.40219.1
Project("{FAE04EC0-301F-11D3-BF4B-00C04F79EFBC}") = "ImprimirPolizas", "ImprimirPolizas\ImprimirPolizas.csproj", "{14031637-6017-4CC7-BDA2-7E625019859E}"
EndProject
Global
	GlobalSection(SolutionConfigurationPlatforms) = preSolution
		Debug|Any CPU = Debug|Any CPU
		Release|Any CPU = Release|Any CPU
	EndGlobalSection
	GlobalSection(ProjectConfigurationPlatforms) = postSolution
		{14031637-6017-4CC7-BDA2-7E625019859E}.Debug|Any CPU.ActiveCfg = Debug|Any CPU
		{14031637-6017-4CC7-BDA2-7E625019859E}.Debug|Any CPU.Build.0 = Debug|Any CPU
		{14031637-6017-4CC7-BDA2-7E625019859E}.Release|Any CPU.ActiveCfg = Release|Any CPU
		{14031637-6017-4CC7-BDA2-7E625019859E}.Release|Any CPU.Build.0 = Release|Any CPU
	EndGlobalSection
	GlobalSection(SolutionProperties) = preSolution
		HideSolutionNode = FALSE
	EndGlobalSection
	GlobalSection(ExtensibilityGlobals) = postSolution
		SolutionGuid = {39FC9E0A-45FC-4DF0-9973-FA07C48CCE3C}
	EndGlobalSection
EndGlobal
